{
	"name": "dmg-license",
	"version": "0.0.0",
	"lockfileVersion": 1,
	"requires": true,
	"dependencies": {
		"@types/buffer-from": {
			"version": "1.1.0",
			"resolved": "https://registry.npmjs.org/@types/buffer-from/-/buffer-from-1.1.0.tgz",
			"integrity": "sha512-BLFpLBcN+RPKUsFxqRkMiwqTOOdi+TrKr5OpLJ9qCnUdSxS6S80+QRX/mIhfR66u0Ykc4QTkReaejOM2ILh+9Q==",
			"dev": true,
			"requires": {
				"@types/node": "*"
			}
		},
		"@types/core-js": {
			"version": "2.5.0",
			"resolved": "https://registry.npmjs.org/@types/core-js/-/core-js-2.5.0.tgz",
			"integrity": "sha512-qjkHL3wF0JMHMqgm/kmL8Pf8rIiqvueEiZ0g6NVTcBX1WN46GWDr+V5z+gsHUeL0n8TfAmXnYmF7ajsxmBp4PQ==",
			"dev": true
		},
		"@types/map-obj": {
			"version": "2.0.0",
			"resolved": "https://registry.npmjs.org/@types/map-obj/-/map-obj-2.0.0.tgz",
			"integrity": "sha512-Bt34NH3IhoskYAXlkcX9+jTDrOatF+BK0+K6uTfG0JR6U6xbejpPRMpuGLPc0wN18sLlQp1KGVYipWcUII30kA==",
			"dev": true
		},
		"@types/node": {
			"version": "11.12.0",
			"resolved": "https://registry.npmjs.org/@types/node/-/node-11.12.0.tgz",
			"integrity": "sha512-Lg00egj78gM+4aE0Erw05cuDbvX9sLJbaaPwwRtdCdAMnIudqrQZ0oZX98Ek0yiSK/A2nubHgJfvII/rTT2Dwg==",
			"dev": true
		},
		"@types/plist": {
			"version": "3.0.1",
			"resolved": "https://registry.npmjs.org/@types/plist/-/plist-3.0.1.tgz",
			"integrity": "sha512-aQqPNjNIaG1WbXXv7o43fgdEjBUIM/gvsf0K9EI/BH7WqBhC3Ssspjy6eMzS/gK1yNsdd6AnGI3M3Ae+tjTeww==",
			"dev": true,
			"requires": {
				"@types/node": "*",
				"@types/xmlbuilder": "*"
			}
		},
		"@types/verror": {
			"version": "1.10.3",
			"resolved": "https://registry.npmjs.org/@types/verror/-/verror-1.10.3.tgz",
			"integrity": "sha512-7Jz0MPsW2pWg5dJfEp9nJYI0RDCYfgjg2wIo5HfQ8vOJvUq0/BxT7Mv2wNQvkKBmV9uT++6KF3reMnLmh/0HrA==",
			"dev": true
		},
		"@types/xmlbuilder": {
			"version": "0.0.35",
			"resolved": "https://registry.npmjs.org/@types/xmlbuilder/-/xmlbuilder-0.0.35.tgz",
			"integrity": "sha512-wvt2XjZ4EHBScd/9Bx+OOnsOZxpiY25hWUocf2beEgAeE0AN1jXHKRoOvxg3g3Ob1eg2g/YbZ2UIwnLU+tXSSg==",
			"dev": true
		},
		"assert-plus": {
			"version": "1.0.0",
			"resolved": "https://registry.npmjs.org/assert-plus/-/assert-plus-1.0.0.tgz",
			"integrity": "sha1-8S4PPF13sLHN2RRpQuTpbB5N1SU="
		},
		"base64-js": {
			"version": "1.3.0",
			"resolved": "https://registry.npmjs.org/base64-js/-/base64-js-1.3.0.tgz",
			"integrity": "sha512-ccav/yGvoa80BQDljCxsmmQ3Xvx60/UpBIij5QN21W3wBi/hhIC9OoO+KLpu9IJTS9j4DRVJ3aDDF9cMSoa2lw=="
		},
		"buffer-from": {
			"version": "1.1.1",
			"resolved": "https://registry.npmjs.org/buffer-from/-/buffer-from-1.1.1.tgz",
			"integrity": "sha512-MQcXEUbCKtEo7bhqEs6560Hyd4XaovZlO/k9V3hjVUF/zwW7KBVdSK4gIt/bzwS9MbR5qob+F5jusZsb0YQK2A=="
		},
		"core-js": {
			"version": "3.0.0",
			"resolved": "https://registry.npmjs.org/core-js/-/core-js-3.0.0.tgz",
			"integrity": "sha512-WBmxlgH2122EzEJ6GH8o9L/FeoUKxxxZ6q6VUxoTlsE4EvbTWKJb447eyVxTEuq0LpXjlq/kCB2qgBvsYRkLvQ=="
		},
		"core-util-is": {
			"version": "1.0.2",
			"resolved": "https://registry.npmjs.org/core-util-is/-/core-util-is-1.0.2.tgz",
			"integrity": "sha1-tf1UIgqivFq1eqtxQMlAdUUDwac="
		},
		"extsprintf": {
			"version": "1.4.0",
			"resolved": "https://registry.npmjs.org/extsprintf/-/extsprintf-1.4.0.tgz",
			"integrity": "sha1-4mifjzVvrWLMplo6kcXfX5VRaS8="
		},
		"iconv": {
			"version": "2.3.3",
			"resolved": "https://registry.npmjs.org/iconv/-/iconv-2.3.3.tgz",
			"integrity": "sha512-VvAJHl68z/KClmUccuAGkLwajXQLgohV4CLmTwveUCf7L1mm409Aq0BT+KPQR89ARczRXAaJY17gJjm2c2jR1w==",
			"requires": {
				"nan": "^2.13.1",
				"safer-buffer": "^2.1.2"
			}
		},
		"map-obj": {
			"version": "3.0.0",
			"resolved": "https://registry.npmjs.org/map-obj/-/map-obj-3.0.0.tgz",
			"integrity": "sha512-Ot+2wruG8WqTbJngDxz0Ifm03y2pO4iL+brq/l+yEkGjUza03BnMQqX2XT//Jls8MOOl2VTHviAoLX+/nq/HXw==",
			"dev": true
		},
		"nan": {
			"version": "2.13.2",
			"resolved": "https://registry.npmjs.org/nan/-/nan-2.13.2.tgz",
			"integrity": "sha512-TghvYc72wlMGMVMluVo9WRJc0mB8KxxF/gZ4YYFy7V2ZQX9l7rgbPg7vjS9mt6U5HXODVFVI2bOduCzwOMv/lw=="
		},
		"plist": {
			"version": "3.0.1",
			"resolved": "https://registry.npmjs.org/plist/-/plist-3.0.1.tgz",
			"integrity": "sha512-GpgvHHocGRyQm74b6FWEZZVRroHKE1I0/BTjAmySaohK+cUn+hZpbqXkc3KWgW3gQYkqcQej35FohcT0FRlkRQ==",
			"requires": {
				"base64-js": "^1.2.3",
				"xmlbuilder": "^9.0.7",
				"xmldom": "0.1.x"
			}
		},
		"resourceforkjs": {
			"version": "0.1.0",
			"resolved": "https://registry.npmjs.org/resourceforkjs/-/resourceforkjs-0.1.0.tgz",
			"integrity": "sha512-2riuNS2qfy2uLaqG+GUnIsGSow4adoxK8vVQQeqoiJxktpO/YldSrzTPSBzL/9KeQIecKc27+vadb6edVtVNcQ==",
			"dev": true,
			"requires": {
				"typescript": "^3.1.6"
			}
		},
		"safer-buffer": {
			"version": "2.1.2",
			"resolved": "https://registry.npmjs.org/safer-buffer/-/safer-buffer-2.1.2.tgz",
			"integrity": "sha512-YZo3K82SD7Riyi0E1EQPojLz7kpepnSQI9IyPbHHg1XXXevb5dJI7tpyN2ADxGcQbHG7vcyRHk0cbwqcQriUtg=="
		},
		"smart-buffer": {
			"version": "4.0.2",
			"resolved": "https://registry.npmjs.org/smart-buffer/-/smart-buffer-4.0.2.tgz",
			"integrity": "sha512-JDhEpTKzXusOqXZ0BUIdH+CjFdO/CR3tLlf5CN34IypI+xMmXW1uB16OOY8z3cICbJlDAVJzNbwBhNO0wt9OAw=="
		},
		"typescript": {
			"version": "3.3.4000",
			"resolved": "https://registry.npmjs.org/typescript/-/typescript-3.3.4000.tgz",
			"integrity": "sha512-jjOcCZvpkl2+z7JFn0yBOoLQyLoIkNZAs/fYJkUG6VKy6zLPHJGfQJYFHzibB6GJaF/8QrcECtlQ5cpvRHSMEA==",
			"dev": true
		},
		"verror": {
			"version": "1.10.0",
			"resolved": "https://registry.npmjs.org/verror/-/verror-1.10.0.tgz",
			"integrity": "sha1-OhBcoXBTr1XW4nDB+CiGguGNpAA=",
			"requires": {
				"assert-plus": "^1.0.0",
				"core-util-is": "1.0.2",
				"extsprintf": "^1.2.0"
			}
		},
		"xmlbuilder": {
			"version": "9.0.7",
			"resolved": "https://registry.npmjs.org/xmlbuilder/-/xmlbuilder-9.0.7.tgz",
			"integrity": "sha1-Ey7mPS7FVlxVfiD0wi35rKaGsQ0="
		},
		"xmldom": {
			"version": "0.1.27",
			"resolved": "https://registry.npmjs.org/xmldom/-/xmldom-0.1.27.tgz",
			"integrity": "sha1-1QH5ezvbQDr4757MIFcxh6rawOk="
		}
	}
}
